
Microsoft Visual Studio Solution File, Format Version 12.00
# Visual Studio Version 16
VisualStudioVersion = 16.0.30611.23
MinimumVisualStudioVersion = 10.0.40219.1
Project("{FAE04EC0-301F-11D3-BF4B-00C04F79EFBC}") = "BookShop", "BookShop\BookShop.csproj", "{C9DE6658-71CA-4621-BCBC-97F1156C3156}"
EndProject
Global
	GlobalSection(SolutionConfigurationPlatforms) = preSolution
		Debug|Any CPU = Debug|Any CPU
		Release|Any CPU = Release|Any CPU
	EndGlobalSection
	GlobalSection(ProjectConfigurationPlatforms) = postSolution
		{C9DE6658-71CA-4621-BCBC-97F1156C3156}.Debug|Any CPU.ActiveCfg = Debug|Any CPU
		{C9DE6658-71CA-4621-BCBC-97F1156C3156}.Debug|Any CPU.Build.0 = Debug|Any CPU
		{C9DE6658-71CA-4621-BCBC-97F1156C3156}.Release|Any CPU.ActiveCfg = Release|Any CPU
		{C9DE6658-71CA-4621-BCBC-97F1156C3156}.Release|Any CPU.Build.0 = Release|Any CPU
	EndGlobalSection
	GlobalSection(SolutionProperties) = preSolution
		HideSolutionNode = FALSE
	EndGlobalSection
	GlobalSection(ExtensibilityGlobals) = postSolution
		SolutionGuid = {24F14B78-526B-4E2C-8179-43ADA5C7DAA6}
	EndGlobalSection
EndGlobal
